
Microsoft Visual Studio Solution File, Format Version 12.00
# Visual Studio Version 17
VisualStudioVersion = 17.4.33213.308
MinimumVisualStudioVersion = 10.0.40219.1
Project("{9A19103F-16F7-4668-BE54-9A1E7A4F7556}") = "XO", "XO\XO.csproj", "{8B13B75D-BAAD-42DB-9B56-F96C53D1306A}"
EndProject
Global
	GlobalSection(SolutionConfigurationPlatforms) = preSolution
		Debug|Any CPU = Debug|Any CPU
		Release|Any CPU = Release|Any CPU
	EndGlobalSection
	GlobalSection(ProjectConfigurationPlatforms) = postSolution
		{8B13B75D-BAAD-42DB-9B56-F96C53D1306A}.Debug|Any CPU.ActiveCfg = Debug|Any CPU
		{8B13B75D-BAAD-42DB-9B56-F96C53D1306A}.Debug|Any CPU.Build.0 = Debug|Any CPU
		{8B13B75D-BAAD-42DB-9B56-F96C53D1306A}.Release|Any CPU.ActiveCfg = Release|Any CPU
		{8B13B75D-BAAD-42DB-9B56-F96C53D1306A}.Release|Any CPU.Build.0 = Release|Any CPU
	EndGlobalSection
	GlobalSection(SolutionProperties) = preSolution
		HideSolutionNode = FALSE
	EndGlobalSection
	GlobalSection(ExtensibilityGlobals) = postSolution
		SolutionGuid = {3D738DFF-CFA6-41D7-9727-5782E425D825}
	EndGlobalSection
EndGlobal
